
Microsoft Visual Studio Solution File, Format Version 12.00
# Visual Studio Version 17
VisualStudioVersion = 17.12.35527.113
MinimumVisualStudioVersion = 10.0.40219.1
Project("{FAE04EC0-301F-11D3-BF4B-00C04F79EFBC}") = "ZenBackk", "ZenBackk\ZenBackk.csproj", "{11BB2C20-92C1-4E12-B275-4D07D9BB6E5B}"
EndProject
Project("{FAE04EC0-301F-11D3-BF4B-00C04F79EFBC}") = "Data", "Data\Data.csproj", "{D33B94C5-31B4-42AA-A013-425E12A64D94}"
EndProject
Project("{FAE04EC0-301F-11D3-BF4B-00C04F79EFBC}") = "Service", "Service\Service.csproj", "{1483DB48-5EFC-4375-988C-5D76BA4CD90B}"
EndProject
Project("{FAE04EC0-301F-11D3-BF4B-00C04F79EFBC}") = "Common", "Common\Common.csproj", "{120501F1-E79B-44EE-8B97-D7A97ADF6412}"
EndProject
Global
	GlobalSection(SolutionConfigurationPlatforms) = preSolution
		Debug|Any CPU = Debug|Any CPU
		Release|Any CPU = Release|Any CPU
	EndGlobalSection
	GlobalSection(ProjectConfigurationPlatforms) = postSolution
		{11BB2C20-92C1-4E12-B275-4D07D9BB6E5B}.Debug|Any CPU.ActiveCfg = Debug|Any CPU
		{11BB2C20-92C1-4E12-B275-4D07D9BB6E5B}.Debug|Any CPU.Build.0 = Debug|Any CPU
		{11BB2C20-92C1-4E12-B275-4D07D9BB6E5B}.Release|Any CPU.ActiveCfg = Release|Any CPU
		{11BB2C20-92C1-4E12-B275-4D07D9BB6E5B}.Release|Any CPU.Build.0 = Release|Any CPU
		{D33B94C5-31B4-42AA-A013-425E12A64D94}.Debug|Any CPU.ActiveCfg = Debug|Any CPU
		{D33B94C5-31B4-42AA-A013-425E12A64D94}.Debug|Any CPU.Build.0 = Debug|Any CPU
		{D33B94C5-31B4-42AA-A013-425E12A64D94}.Release|Any CPU.ActiveCfg = Release|Any CPU
		{D33B94C5-31B4-42AA-A013-425E12A64D94}.Release|Any CPU.Build.0 = Release|Any CPU
		{1483DB48-5EFC-4375-988C-5D76BA4CD90B}.Debug|Any CPU.ActiveCfg = Debug|Any CPU
		{1483DB48-5EFC-4375-988C-5D76BA4CD90B}.Debug|Any CPU.Build.0 = Debug|Any CPU
		{1483DB48-5EFC-4375-988C-5D76BA4CD90B}.Release|Any CPU.ActiveCfg = Release|Any CPU
		{1483DB48-5EFC-4375-988C-5D76BA4CD90B}.Release|Any CPU.Build.0 = Release|Any CPU
		{120501F1-E79B-44EE-8B97-D7A97ADF6412}.Debug|Any CPU.ActiveCfg = Debug|Any CPU
		{120501F1-E79B-44EE-8B97-D7A97ADF6412}.Debug|Any CPU.Build.0 = Debug|Any CPU
		{120501F1-E79B-44EE-8B97-D7A97ADF6412}.Release|Any CPU.ActiveCfg = Release|Any CPU
		{120501F1-E79B-44EE-8B97-D7A97ADF6412}.Release|Any CPU.Build.0 = Release|Any CPU
	EndGlobalSection
	GlobalSection(SolutionProperties) = preSolution
		HideSolutionNode = FALSE
	EndGlobalSection
EndGlobal
